
Microsoft Visual Studio Solution File, Format Version 12.00
# Visual Studio Version 16
VisualStudioVersion = 16.0.32228.343
MinimumVisualStudioVersion = 10.0.40219.1
Project("{9A19103F-16F7-4668-BE54-9A1E7A4F7556}") = "ShaqTamra.DAL", "ShaqTamra.DAL.csproj", "{F5D4692D-1160-44A0-BE2F-EFC065224F2D}"
EndProject
Project("{9A19103F-16F7-4668-BE54-9A1E7A4F7556}") = "ShaqTamra.BL", "..\ShaqTamra.BL\ShaqTamra.BL.csproj", "{A968BEE6-134A-4023-9D8A-88FFE5B1B7BF}"
EndProject
Project("{9A19103F-16F7-4668-BE54-9A1E7A4F7556}") = "ShaqTamra.PL", "..\ShaqTamra.PL\ShaqTamra.PL.csproj", "{EB062766-8FF7-4B70-BB2E-3F6E86405F8B}"
EndProject
Global
	GlobalSection(SolutionConfigurationPlatforms) = preSolution
		Debug|Any CPU = Debug|Any CPU
		Release|Any CPU = Release|Any CPU
	EndGlobalSection
	GlobalSection(ProjectConfigurationPlatforms) = postSolution
		{F5D4692D-1160-44A0-BE2F-EFC065224F2D}.Debug|Any CPU.ActiveCfg = Release|Any CPU
		{F5D4692D-1160-44A0-BE2F-EFC065224F2D}.Debug|Any CPU.Build.0 = Release|Any CPU
		{F5D4692D-1160-44A0-BE2F-EFC065224F2D}.Release|Any CPU.ActiveCfg = Release|Any CPU
		{F5D4692D-1160-44A0-BE2F-EFC065224F2D}.Release|Any CPU.Build.0 = Release|Any CPU
		{A968BEE6-134A-4023-9D8A-88FFE5B1B7BF}.Debug|Any CPU.ActiveCfg = Release|Any CPU
		{A968BEE6-134A-4023-9D8A-88FFE5B1B7BF}.Debug|Any CPU.Build.0 = Release|Any CPU
		{A968BEE6-134A-4023-9D8A-88FFE5B1B7BF}.Release|Any CPU.ActiveCfg = Release|Any CPU
		{A968BEE6-134A-4023-9D8A-88FFE5B1B7BF}.Release|Any CPU.Build.0 = Release|Any CPU
		{EB062766-8FF7-4B70-BB2E-3F6E86405F8B}.Debug|Any CPU.ActiveCfg = Debug|Any CPU
		{EB062766-8FF7-4B70-BB2E-3F6E86405F8B}.Debug|Any CPU.Build.0 = Debug|Any CPU
		{EB062766-8FF7-4B70-BB2E-3F6E86405F8B}.Release|Any CPU.ActiveCfg = Release|Any CPU
		{EB062766-8FF7-4B70-BB2E-3F6E86405F8B}.Release|Any CPU.Build.0 = Release|Any CPU
	EndGlobalSection
	GlobalSection(SolutionProperties) = preSolution
		HideSolutionNode = FALSE
	EndGlobalSection
	GlobalSection(ExtensibilityGlobals) = postSolution
		SolutionGuid = {56803F74-4ADA-4022-8A3E-4C896893D2F6}
	EndGlobalSection
EndGlobal
